{
    "_readme": [
        "This file locks the dependencies of your project to a known state",
        "Read more about it at http://getcomposer.org/doc/01-basic-usage.md#composer-lock-the-lock-file"
    ],
    "hash": "d16b129bf8222bd52b6681730c78f21d",
    "packages": [

    ],
    "packages-dev": [
        {
            "name": "symfony/yaml",
            "version": "dev-master",
            "target-dir": "Symfony/Component/Yaml",
            "source": {
                "type": "git",
                "url": "https://github.com/symfony/Yaml.git",
                "reference": "9921872611710df49cf035c259e5a461ea2d0f8c"
            },
            "dist": {
                "type": "zip",
                "url": "https://api.github.com/repos/symfony/Yaml/zipball/9921872611710df49cf035c259e5a461ea2d0f8c",
                "reference": "9921872611710df49cf035c259e5a461ea2d0f8c",
                "shasum": ""
            },
            "require": {
                "php": ">=5.3.3"
            },
            "type": "library",
            "extra": {
                "branch-alias": {
                    "dev-master": "2.5-dev"
                }
            },
            "autoload": {
                "psr-0": {
                    "Symfony\\Component\\Yaml\\": ""
                }
            },
            "notification-url": "https://packagist.org/downloads/",
            "license": [
                "MIT"
            ],
            "authors": [
                {
                    "name": "Fabien Potencier",
                    "email": "fabien@symfony.com"
                },
                {
                    "name": "Symfony Community",
                    "homepage": "http://symfony.com/contributors"
                }
            ],
            "description": "Symfony Yaml Component",
            "homepage": "http://symfony.com",
            "time": "2014-01-07 13:29:57"
        }
    ],
    "aliases": [

    ],
    "minimum-stability": "stable",
    "stability-flags": {
        "symfony/yaml": 20
    },
    "platform": {
        "php": ">=5.3.0"
    },
    "platform-dev": [

    ]
}
